// !$*UTF8*$!
{
	archiveVersion = 1;
	classes = {
	};
	objectVersion = 56;
	objects = {

/* Begin PBXBuildFile section */
		9138A1CC2A9E313100A43B12 /* ExerciseLogView.swift in Sources */ = {isa = PBXBuildFile; fileRef = 9138A1CB2A9E313100A43B12 /* ExerciseLogView.swift */; };
		9138A1CE2A9E325400A43B12 /* AddExerciseLogView.swift in Sources */ = {isa = PBXBuildFile; fileRef = 9138A1CD2A9E325400A43B12 /* AddExerciseLogView.swift */; };
		916336272A965FD900136664 /* Record+CoreDataClass.swift in Sources */ = {isa = PBXBuildFile; fileRef = 916336232A965FD900136664 /* Record+CoreDataClass.swift */; };
		916336282A965FD900136664 /* Record+CoreDataProperties.swift in Sources */ = {isa = PBXBuildFile; fileRef = 916336242A965FD900136664 /* Record+CoreDataProperties.swift */; };
		916336292A965FD900136664 /* Log+CoreDataClass.swift in Sources */ = {isa = PBXBuildFile; fileRef = 916336252A965FD900136664 /* Log+CoreDataClass.swift */; };
		9163362A2A965FD900136664 /* Log+CoreDataProperties.swift in Sources */ = {isa = PBXBuildFile; fileRef = 916336262A965FD900136664 /* Log+CoreDataProperties.swift */; };
		9163362C2A97AB4B00136664 /* AddExerciseView.swift in Sources */ = {isa = PBXBuildFile; fileRef = 9163362B2A97AB4B00136664 /* AddExerciseView.swift */; };
		9163362E2A9B7E8200136664 /* ExerciseRecordView.swift in Sources */ = {isa = PBXBuildFile; fileRef = 9163362D2A9B7E8100136664 /* ExerciseRecordView.swift */; };
		917B7E132A91FE3F0087D583 /* workoutApp.swift in Sources */ = {isa = PBXBuildFile; fileRef = 917B7E122A91FE3F0087D583 /* workoutApp.swift */; };
		917B7E152A91FE3F0087D583 /* ContentView.swift in Sources */ = {isa = PBXBuildFile; fileRef = 917B7E142A91FE3F0087D583 /* ContentView.swift */; };
		917B7E172A91FE430087D583 /* Assets.xcassets in Resources */ = {isa = PBXBuildFile; fileRef = 917B7E162A91FE430087D583 /* Assets.xcassets */; };
		917B7E1A2A91FE430087D583 /* Preview Assets.xcassets in Resources */ = {isa = PBXBuildFile; fileRef = 917B7E192A91FE430087D583 /* Preview Assets.xcassets */; };
		917B7E1C2A91FE430087D583 /* Persistence.swift in Sources */ = {isa = PBXBuildFile; fileRef = 917B7E1B2A91FE430087D583 /* Persistence.swift */; };
		917B7E1F2A91FE430087D583 /* workout.xcdatamodeld in Sources */ = {isa = PBXBuildFile; fileRef = 917B7E1D2A91FE430087D583 /* workout.xcdatamodeld */; };
		917B7E312A9209720087D583 /* Region+CoreDataClass.swift in Sources */ = {isa = PBXBuildFile; fileRef = 917B7E2D2A9209720087D583 /* Region+CoreDataClass.swift */; };
		917B7E322A9209720087D583 /* Region+CoreDataProperties.swift in Sources */ = {isa = PBXBuildFile; fileRef = 917B7E2E2A9209720087D583 /* Region+CoreDataProperties.swift */; };
		917B7E332A9209720087D583 /* Exercise+CoreDataClass.swift in Sources */ = {isa = PBXBuildFile; fileRef = 917B7E2F2A9209720087D583 /* Exercise+CoreDataClass.swift */; };
		917B7E342A9209720087D583 /* Exercise+CoreDataProperties.swift in Sources */ = {isa = PBXBuildFile; fileRef = 917B7E302A9209720087D583 /* Exercise+CoreDataProperties.swift */; };
		917B7E372A9231DB0087D583 /* Type+CoreDataClass.swift in Sources */ = {isa = PBXBuildFile; fileRef = 917B7E352A9231DB0087D583 /* Type+CoreDataClass.swift */; };
		917B7E382A9231DB0087D583 /* Type+CoreDataProperties.swift in Sources */ = {isa = PBXBuildFile; fileRef = 917B7E362A9231DB0087D583 /* Type+CoreDataProperties.swift */; };
/* End PBXBuildFile section */

/* Begin PBXFileReference section */
		9138A1CB2A9E313100A43B12 /* ExerciseLogView.swift */ = {isa = PBXFileReference; lastKnownFileType = sourcecode.swift; path = ExerciseLogView.swift; sourceTree = "<group>"; };
		9138A1CD2A9E325400A43B12 /* AddExerciseLogView.swift */ = {isa = PBXFileReference; lastKnownFileType = sourcecode.swift; path = AddExerciseLogView.swift; sourceTree = "<group>"; };
		916336232A965FD900136664 /* Record+CoreDataClass.swift */ = {isa = PBXFileReference; lastKnownFileType = sourcecode.swift; path = "Record+CoreDataClass.swift"; sourceTree = "<group>"; };
		916336242A965FD900136664 /* Record+CoreDataProperties.swift */ = {isa = PBXFileReference; lastKnownFileType = sourcecode.swift; path = "Record+CoreDataProperties.swift"; sourceTree = "<group>"; };
		916336252A965FD900136664 /* Log+CoreDataClass.swift */ = {isa = PBXFileReference; lastKnownFileType = sourcecode.swift; path = "Log+CoreDataClass.swift"; sourceTree = "<group>"; };
		916336262A965FD900136664 /* Log+CoreDataProperties.swift */ = {isa = PBXFileReference; lastKnownFileType = sourcecode.swift; path = "Log+CoreDataProperties.swift"; sourceTree = "<group>"; };
		9163362B2A97AB4B00136664 /* AddExerciseView.swift */ = {isa = PBXFileReference; lastKnownFileType = sourcecode.swift; path = AddExerciseView.swift; sourceTree = "<group>"; };
		9163362D2A9B7E8100136664 /* ExerciseRecordView.swift */ = {isa = PBXFileReference; lastKnownFileType = sourcecode.swift; path = ExerciseRecordView.swift; sourceTree = "<group>"; };
		917B7E0F2A91FE3F0087D583 /* workout.app */ = {isa = PBXFileReference; explicitFileType = wrapper.application; includeInIndex = 0; path = workout.app; sourceTree = BUILT_PRODUCTS_DIR; };
		917B7E122A91FE3F0087D583 /* workoutApp.swift */ = {isa = PBXFileReference; lastKnownFileType = sourcecode.swift; path = workoutApp.swift; sourceTree = "<group>"; };
		917B7E142A91FE3F0087D583 /* ContentView.swift */ = {isa = PBXFileReference; lastKnownFileType = sourcecode.swift; path = ContentView.swift; sourceTree = "<group>"; };
		917B7E162A91FE430087D583 /* Assets.xcassets */ = {isa = PBXFileReference; lastKnownFileType = folder.assetcatalog; path = Assets.xcassets; sourceTree = "<group>"; };
		917B7E192A91FE430087D583 /* Preview Assets.xcassets */ = {isa = PBXFileReference; lastKnownFileType = folder.assetcatalog; path = "Preview Assets.xcassets"; sourceTree = "<group>"; };
		917B7E1B2A91FE430087D583 /* Persistence.swift */ = {isa = PBXFileReference; lastKnownFileType = sourcecode.swift; path = Persistence.swift; sourceTree = "<group>"; };
		917B7E1E2A91FE430087D583 /* workout.xcdatamodel */ = {isa = PBXFileReference; lastKnownFileType = wrapper.xcdatamodel; path = workout.xcdatamodel; sourceTree = "<group>"; };
		917B7E2D2A9209720087D583 /* Region+CoreDataClass.swift */ = {isa = PBXFileReference; lastKnownFileType = sourcecode.swift; path = "Region+CoreDataClass.swift"; sourceTree = "<group>"; };
		917B7E2E2A9209720087D583 /* Region+CoreDataProperties.swift */ = {isa = PBXFileReference; lastKnownFileType = sourcecode.swift; path = "Region+CoreDataProperties.swift"; sourceTree = "<group>"; };
		917B7E2F2A9209720087D583 /* Exercise+CoreDataClass.swift */ = {isa = PBXFileReference; lastKnownFileType = sourcecode.swift; path = "Exercise+CoreDataClass.swift"; sourceTree = "<group>"; };
		917B7E302A9209720087D583 /* Exercise+CoreDataProperties.swift */ = {isa = PBXFileReference; lastKnownFileType = sourcecode.swift; path = "Exercise+CoreDataProperties.swift"; sourceTree = "<group>"; };
		917B7E352A9231DB0087D583 /* Type+CoreDataClass.swift */ = {isa = PBXFileReference; lastKnownFileType = sourcecode.swift; path = "Type+CoreDataClass.swift"; sourceTree = "<group>"; };
		917B7E362A9231DB0087D583 /* Type+CoreDataProperties.swift */ = {isa = PBXFileReference; lastKnownFileType = sourcecode.swift; path = "Type+CoreDataProperties.swift"; sourceTree = "<group>"; };
/* End PBXFileReference section */

/* Begin PBXFrameworksBuildPhase section */
		917B7E0C2A91FE3F0087D583 /* Frameworks */ = {
			isa = PBXFrameworksBuildPhase;
			buildActionMask = 2147483647;
			files = (
			);
			runOnlyForDeploymentPostprocessing = 0;
		};
/* End PBXFrameworksBuildPhase section */

/* Begin PBXGroup section */
		917B7E062A91FE3F0087D583 = {
			isa = PBXGroup;
			children = (
				916336232A965FD900136664 /* Record+CoreDataClass.swift */,
				916336242A965FD900136664 /* Record+CoreDataProperties.swift */,
				916336252A965FD900136664 /* Log+CoreDataClass.swift */,
				916336262A965FD900136664 /* Log+CoreDataProperties.swift */,
				917B7E352A9231DB0087D583 /* Type+CoreDataClass.swift */,
				917B7E362A9231DB0087D583 /* Type+CoreDataProperties.swift */,
				917B7E2D2A9209720087D583 /* Region+CoreDataClass.swift */,
				917B7E2E2A9209720087D583 /* Region+CoreDataProperties.swift */,
				917B7E2F2A9209720087D583 /* Exercise+CoreDataClass.swift */,
				917B7E302A9209720087D583 /* Exercise+CoreDataProperties.swift */,
				917B7E112A91FE3F0087D583 /* workout */,
				917B7E102A91FE3F0087D583 /* Products */,
			);
			sourceTree = "<group>";
		};
		917B7E102A91FE3F0087D583 /* Products */ = {
			isa = PBXGroup;
			children = (
				917B7E0F2A91FE3F0087D583 /* workout.app */,
			);
			name = Products;
			sourceTree = "<group>";
		};
		917B7E112A91FE3F0087D583 /* workout */ = {
			isa = PBXGroup;
			children = (
				917B7E122A91FE3F0087D583 /* workoutApp.swift */,
				917B7E142A91FE3F0087D583 /* ContentView.swift */,
				9138A1CD2A9E325400A43B12 /* AddExerciseLogView.swift */,
				9138A1CB2A9E313100A43B12 /* ExerciseLogView.swift */,
				9163362B2A97AB4B00136664 /* AddExerciseView.swift */,
				9163362D2A9B7E8100136664 /* ExerciseRecordView.swift */,
				917B7E162A91FE430087D583 /* Assets.xcassets */,
				917B7E1B2A91FE430087D583 /* Persistence.swift */,
				917B7E1D2A91FE430087D583 /* workout.xcdatamodeld */,
				917B7E182A91FE430087D583 /* Preview Content */,
			);
			path = workout;
			sourceTree = "<group>";
		};
		917B7E182A91FE430087D583 /* Preview Content */ = {
			isa = PBXGroup;
			children = (
				917B7E192A91FE430087D583 /* Preview Assets.xcassets */,
			);
			path = "Preview Content";
			sourceTree = "<group>";
		};
/* End PBXGroup section */

/* Begin PBXNativeTarget section */
		917B7E0E2A91FE3F0087D583 /* workout */ = {
			isa = PBXNativeTarget;
			buildConfigurationList = 917B7E222A91FE430087D583 /* Build configuration list for PBXNativeTarget "workout" */;
			buildPhases = (
				917B7E0B2A91FE3F0087D583 /* Sources */,
				917B7E0C2A91FE3F0087D583 /* Frameworks */,
				917B7E0D2A91FE3F0087D583 /* Resources */,
			);
			buildRules = (
			);
			dependencies = (
			);
			name = workout;
			productName = workout;
			productReference = 917B7E0F2A91FE3F0087D583 /* workout.app */;
			productType = "com.apple.product-type.application";
		};
/* End PBXNativeTarget section */

/* Begin PBXProject section */
		917B7E072A91FE3F0087D583 /* Project object */ = {
			isa = PBXProject;
			attributes = {
				BuildIndependentTargetsInParallel = 1;
				LastSwiftUpdateCheck = 1430;
				LastUpgradeCheck = 1430;
				TargetAttributes = {
					917B7E0E2A91FE3F0087D583 = {
						CreatedOnToolsVersion = 14.3.1;
					};
				};
			};
			buildConfigurationList = 917B7E0A2A91FE3F0087D583 /* Build configuration list for PBXProject "workout" */;
			compatibilityVersion = "Xcode 14.0";
			developmentRegion = en;
			hasScannedForEncodings = 0;
			knownRegions = (
				en,
				Base,
			);
			mainGroup = 917B7E062A91FE3F0087D583;
			productRefGroup = 917B7E102A91FE3F0087D583 /* Products */;
			projectDirPath = "";
			projectRoot = "";
			targets = (
				917B7E0E2A91FE3F0087D583 /* workout */,
			);
		};
/* End PBXProject section */

/* Begin PBXResourcesBuildPhase section */
		917B7E0D2A91FE3F0087D583 /* Resources */ = {
			isa = PBXResourcesBuildPhase;
			buildActionMask = 2147483647;
			files = (
				917B7E1A2A91FE430087D583 /* Preview Assets.xcassets in Resources */,
				917B7E172A91FE430087D583 /* Assets.xcassets in Resources */,
			);
			runOnlyForDeploymentPostprocessing = 0;
		};
/* End PBXResourcesBuildPhase section */

/* Begin PBXSourcesBuildPhase section */
		917B7E0B2A91FE3F0087D583 /* Sources */ = {
			isa = PBXSourcesBuildPhase;
			buildActionMask = 2147483647;
			files = (
				917B7E1C2A91FE430087D583 /* Persistence.swift in Sources */,
				917B7E312A9209720087D583 /* Region+CoreDataClass.swift in Sources */,
				917B7E152A91FE3F0087D583 /* ContentView.swift in Sources */,
				917B7E332A9209720087D583 /* Exercise+CoreDataClass.swift in Sources */,
				916336282A965FD900136664 /* Record+CoreDataProperties.swift in Sources */,
				9163362E2A9B7E8200136664 /* ExerciseRecordView.swift in Sources */,
				917B7E322A9209720087D583 /* Region+CoreDataProperties.swift in Sources */,
				916336272A965FD900136664 /* Record+CoreDataClass.swift in Sources */,
				916336292A965FD900136664 /* Log+CoreDataClass.swift in Sources */,
				9138A1CE2A9E325400A43B12 /* AddExerciseLogView.swift in Sources */,
				9138A1CC2A9E313100A43B12 /* ExerciseLogView.swift in Sources */,
				917B7E382A9231DB0087D583 /* Type+CoreDataProperties.swift in Sources */,
				917B7E372A9231DB0087D583 /* Type+CoreDataClass.swift in Sources */,
				9163362C2A97AB4B00136664 /* AddExerciseView.swift in Sources */,
				917B7E342A9209720087D583 /* Exercise+CoreDataProperties.swift in Sources */,
				917B7E132A91FE3F0087D583 /* workoutApp.swift in Sources */,
				9163362A2A965FD900136664 /* Log+CoreDataProperties.swift in Sources */,
				917B7E1F2A91FE430087D583 /* workout.xcdatamodeld in Sources */,
			);
			runOnlyForDeploymentPostprocessing = 0;
		};
/* End PBXSourcesBuildPhase section */

/* Begin XCBuildConfiguration section */
		917B7E202A91FE430087D583 /* Debug */ = {
			isa = XCBuildConfiguration;
			buildSettings = {
				ALWAYS_SEARCH_USER_PATHS = NO;
				CLANG_ANALYZER_NONNULL = YES;
				CLANG_ANALYZER_NUMBER_OBJECT_CONVERSION = YES_AGGRESSIVE;
				CLANG_CXX_LANGUAGE_STANDARD = "gnu++20";
				CLANG_ENABLE_MODULES = YES;
				CLANG_ENABLE_OBJC_ARC = YES;
				CLANG_ENABLE_OBJC_WEAK = YES;
				CLANG_WARN_BLOCK_CAPTURE_AUTORELEASING = YES;
				CLANG_WARN_BOOL_CONVERSION = YES;
				CLANG_WARN_COMMA = YES;
				CLANG_WARN_CONSTANT_CONVERSION = YES;
				CLANG_WARN_DEPRECATED_OBJC_IMPLEMENTATIONS = YES;
				CLANG_WARN_DIRECT_OBJC_ISA_USAGE = YES_ERROR;
				CLANG_WARN_DOCUMENTATION_COMMENTS = YES;
				CLANG_WARN_EMPTY_BODY = YES;
				CLANG_WARN_ENUM_CONVERSION = YES;
				CLANG_WARN_INFINITE_RECURSION = YES;
				CLANG_WARN_INT_CONVERSION = YES;
				CLANG_WARN_NON_LITERAL_NULL_CONVERSION = YES;
				CLANG_WARN_OBJC_IMPLICIT_RETAIN_SELF = YES;
				CLANG_WARN_OBJC_LITERAL_CONVERSION = YES;
				CLANG_WARN_OBJC_ROOT_CLASS = YES_ERROR;
				CLANG_WARN_QUOTED_INCLUDE_IN_FRAMEWORK_HEADER = YES;
				CLANG_WARN_RANGE_LOOP_ANALYSIS = YES;
				CLANG_WARN_STRICT_PROTOTYPES = YES;
				CLANG_WARN_SUSPICIOUS_MOVE = YES;
				CLANG_WARN_UNGUARDED_AVAILABILITY = YES_AGGRESSIVE;
				CLANG_WARN_UNREACHABLE_CODE = YES;
				CLANG_WARN__DUPLICATE_METHOD_MATCH = YES;
				COPY_PHASE_STRIP = NO;
				DEBUG_INFORMATION_FORMAT = dwarf;
				ENABLE_STRICT_OBJC_MSGSEND = YES;
				ENABLE_TESTABILITY = YES;
				GCC_C_LANGUAGE_STANDARD = gnu11;
				GCC_DYNAMIC_NO_PIC = NO;
				GCC_NO_COMMON_BLOCKS = YES;
				GCC_OPTIMIZATION_LEVEL = 0;
				GCC_PREPROCESSOR_DEFINITIONS = (
					"DEBUG=1",
					"$(inherited)",
				);
				GCC_WARN_64_TO_32_BIT_CONVERSION = YES;
				GCC_WARN_ABOUT_RETURN_TYPE = YES_ERROR;
				GCC_WARN_UNDECLARED_SELECTOR = YES;
				GCC_WARN_UNINITIALIZED_AUTOS = YES_AGGRESSIVE;
				GCC_WARN_UNUSED_FUNCTION = YES;
				GCC_WARN_UNUSED_VARIABLE = YES;
				IPHONEOS_DEPLOYMENT_TARGET = 16.4;
				MTL_ENABLE_DEBUG_INFO = INCLUDE_SOURCE;
				MTL_FAST_MATH = YES;
				ONLY_ACTIVE_ARCH = YES;
				SDKROOT = iphoneos;
				SWIFT_ACTIVE_COMPILATION_CONDITIONS = DEBUG;
				SWIFT_OPTIMIZATION_LEVEL = "-Onone";
			};
			name = Debug;
		};
		917B7E212A91FE430087D583 /* Release */ = {
			isa = XCBuildConfiguration;
			buildSettings = {
				ALWAYS_SEARCH_USER_PATHS = NO;
				CLANG_ANALYZER_NONNULL = YES;
				CLANG_ANALYZER_NUMBER_OBJECT_CONVERSION = YES_AGGRESSIVE;
				CLANG_CXX_LANGUAGE_STANDARD = "gnu++20";
				CLANG_ENABLE_MODULES = YES;
				CLANG_ENABLE_OBJC_ARC = YES;
				CLANG_ENABLE_OBJC_WEAK = YES;
				CLANG_WARN_BLOCK_CAPTURE_AUTORELEASING = YES;
				CLANG_WARN_BOOL_CONVERSION = YES;
				CLANG_WARN_COMMA = YES;
				CLANG_WARN_CONSTANT_CONVERSION = YES;
				CLANG_WARN_DEPRECATED_OBJC_IMPLEMENTATIONS = YES;
				CLANG_WARN_DIRECT_OBJC_ISA_USAGE = YES_ERROR;
				CLANG_WARN_DOCUMENTATION_COMMENTS = YES;
				CLANG_WARN_EMPTY_BODY = YES;
				CLANG_WARN_ENUM_CONVERSION = YES;
				CLANG_WARN_INFINITE_RECURSION = YES;
				CLANG_WARN_INT_CONVERSION = YES;
				CLANG_WARN_NON_LITERAL_NULL_CONVERSION = YES;
				CLANG_WARN_OBJC_IMPLICIT_RETAIN_SELF = YES;
				CLANG_WARN_OBJC_LITERAL_CONVERSION = YES;
				CLANG_WARN_OBJC_ROOT_CLASS = YES_ERROR;
				CLANG_WARN_QUOTED_INCLUDE_IN_FRAMEWORK_HEADER = YES;
				CLANG_WARN_RANGE_LOOP_ANALYSIS = YES;
				CLANG_WARN_STRICT_PROTOTYPES = YES;
				CLANG_WARN_SUSPICIOUS_MOVE = YES;
				CLANG_WARN_UNGUARDED_AVAILABILITY = YES_AGGRESSIVE;
				CLANG_WARN_UNREACHABLE_CODE = YES;
				CLANG_WARN__DUPLICATE_METHOD_MATCH = YES;
				COPY_PHASE_STRIP = NO;
				DEBUG_INFORMATION_FORMAT = "dwarf-with-dsym";
				ENABLE_NS_ASSERTIONS = NO;
				ENABLE_STRICT_OBJC_MSGSEND = YES;
				GCC_C_LANGUAGE_STANDARD = gnu11;
				GCC_NO_COMMON_BLOCKS = YES;
				GCC_WARN_64_TO_32_BIT_CONVERSION = YES;
				GCC_WARN_ABOUT_RETURN_TYPE = YES_ERROR;
				GCC_WARN_UNDECLARED_SELECTOR = YES;
				GCC_WARN_UNINITIALIZED_AUTOS = YES_AGGRESSIVE;
				GCC_WARN_UNUSED_FUNCTION = YES;
				GCC_WARN_UNUSED_VARIABLE = YES;
				IPHONEOS_DEPLOYMENT_TARGET = 16.4;
				MTL_ENABLE_DEBUG_INFO = NO;
				MTL_FAST_MATH = YES;
				SDKROOT = iphoneos;
				SWIFT_COMPILATION_MODE = wholemodule;
				SWIFT_OPTIMIZATION_LEVEL = "-O";
				VALIDATE_PRODUCT = YES;
			};
			name = Release;
		};
		917B7E232A91FE430087D583 /* Debug */ = {
			isa = XCBuildConfiguration;
			buildSettings = {
				ASSETCATALOG_COMPILER_APPICON_NAME = AppIcon;
				ASSETCATALOG_COMPILER_GLOBAL_ACCENT_COLOR_NAME = AccentColor;
				CODE_SIGN_STYLE = Automatic;
				CURRENT_PROJECT_VERSION = 1;
				DEVELOPMENT_ASSET_PATHS = "\"workout/Preview Content\"";
				DEVELOPMENT_TEAM = NWUUYNZTL3;
				ENABLE_PREVIEWS = YES;
				GENERATE_INFOPLIST_FILE = YES;
				INFOPLIST_KEY_UIApplicationSceneManifest_Generation = YES;
				INFOPLIST_KEY_UIApplicationSupportsIndirectInputEvents = YES;
				INFOPLIST_KEY_UILaunchScreen_Generation = YES;
				INFOPLIST_KEY_UISupportedInterfaceOrientations_iPad = "UIInterfaceOrientationPortrait UIInterfaceOrientationPortraitUpsideDown UIInterfaceOrientationLandscapeLeft UIInterfaceOrientationLandscapeRight";
				INFOPLIST_KEY_UISupportedInterfaceOrientations_iPhone = "UIInterfaceOrientationPortrait UIInterfaceOrientationLandscapeLeft UIInterfaceOrientationLandscapeRight";
				LD_RUNPATH_SEARCH_PATHS = (
					"$(inherited)",
					"@executable_path/Frameworks",
				);
				MARKETING_VERSION = 1.0;
				PRODUCT_BUNDLE_IDENTIFIER = com.gmail.345611.koichiro.kuniyoshi.workout;
				PRODUCT_NAME = "$(TARGET_NAME)";
				SWIFT_EMIT_LOC_STRINGS = YES;
				SWIFT_VERSION = 5.0;
				TARGETED_DEVICE_FAMILY = "1,2";
			};
			name = Debug;
		};
		917B7E242A91FE430087D583 /* Release */ = {
			isa = XCBuildConfiguration;
			buildSettings = {
				ASSETCATALOG_COMPILER_APPICON_NAME = AppIcon;
				ASSETCATALOG_COMPILER_GLOBAL_ACCENT_COLOR_NAME = AccentColor;
				CODE_SIGN_STYLE = Automatic;
				CURRENT_PROJECT_VERSION = 1;
				DEVELOPMENT_ASSET_PATHS = "\"workout/Preview Content\"";
				DEVELOPMENT_TEAM = NWUUYNZTL3;
				ENABLE_PREVIEWS = YES;
				GENERATE_INFOPLIST_FILE = YES;
				INFOPLIST_KEY_UIApplicationSceneManifest_Generation = YES;
				INFOPLIST_KEY_UIApplicationSupportsIndirectInputEvents = YES;
				INFOPLIST_KEY_UILaunchScreen_Generation = YES;
				INFOPLIST_KEY_UISupportedInterfaceOrientations_iPad = "UIInterfaceOrientationPortrait UIInterfaceOrientationPortraitUpsideDown UIInterfaceOrientationLandscapeLeft UIInterfaceOrientationLandscapeRight";
				INFOPLIST_KEY_UISupportedInterfaceOrientations_iPhone = "UIInterfaceOrientationPortrait UIInterfaceOrientationLandscapeLeft UIInterfaceOrientationLandscapeRight";
				LD_RUNPATH_SEARCH_PATHS = (
					"$(inherited)",
					"@executable_path/Frameworks",
				);
				MARKETING_VERSION = 1.0;
				PRODUCT_BUNDLE_IDENTIFIER = com.gmail.345611.koichiro.kuniyoshi.workout;
				PRODUCT_NAME = "$(TARGET_NAME)";
				SWIFT_EMIT_LOC_STRINGS = YES;
				SWIFT_VERSION = 5.0;
				TARGETED_DEVICE_FAMILY = "1,2";
			};
			name = Release;
		};
/* End XCBuildConfiguration section */

/* Begin XCConfigurationList section */
		917B7E0A2A91FE3F0087D583 /* Build configuration list for PBXProject "workout" */ = {
			isa = XCConfigurationList;
			buildConfigurations = (
				917B7E202A91FE430087D583 /* Debug */,
				917B7E212A91FE430087D583 /* Release */,
			);
			defaultConfigurationIsVisible = 0;
			defaultConfigurationName = Release;
		};
		917B7E222A91FE430087D583 /* Build configuration list for PBXNativeTarget "workout" */ = {
			isa = XCConfigurationList;
			buildConfigurations = (
				917B7E232A91FE430087D583 /* Debug */,
				917B7E242A91FE430087D583 /* Release */,
			);
			defaultConfigurationIsVisible = 0;
			defaultConfigurationName = Release;
		};
/* End XCConfigurationList section */

/* Begin XCVersionGroup section */
		917B7E1D2A91FE430087D583 /* workout.xcdatamodeld */ = {
			isa = XCVersionGroup;
			children = (
				917B7E1E2A91FE430087D583 /* workout.xcdatamodel */,
			);
			currentVersion = 917B7E1E2A91FE430087D583 /* workout.xcdatamodel */;
			path = workout.xcdatamodeld;
			sourceTree = "<group>";
			versionGroupType = wrapper.xcdatamodel;
		};
/* End XCVersionGroup section */
	};
	rootObject = 917B7E072A91FE3F0087D583 /* Project object */;
}
